# Generated by pub
# See https://dart.dev/tools/pub/glossary#lockfile
packages:
  characters:
    dependency: transitive
    description:
      name: characters
      sha256: f71061c654a3380576a52b451dd5532377954cf9dbd272a78fc8479606670803
      url: "https://pub.dev"
    source: hosted
    version: "1.4.0"
  clock:
    dependency: transitive
    description:
      name: clock
      sha256: fddb70d9b5277016c77a80201021d40a2247104d9f4aa7bab7157b7e3f05b84b
      url: "https://pub.dev"
    source: hosted
    version: "1.1.2"
  collection:
    dependency: transitive
    description:
      name: collection
      sha256: "2f5709ae4d3d59dd8f7cd309b4e023046b57d8a6c82130785d2b0e5868084e76"
      url: "https://pub.dev"
    source: hosted
    version: "1.19.1"
  flutter:
    dependency: "direct main"
    description: flutter
    source: sdk
    version: "0.0.0"
  flutter_animate:
    dependency: transitive
    description:
      name: flutter_animate
      sha256: "7befe2d3252728afb77aecaaea1dec88a89d35b9b1d2eea6d04479e8af9117b5"
      url: "https://pub.dev"
    source: hosted
    version: "4.5.2"
  flutter_hooks:
    dependency: "direct main"
    description:
      name: flutter_hooks
      sha256: "6a126f703b89499818d73305e4ce1e3de33b4ae1c5512e3b8eab4b986f46774c"
      url: "https://pub.dev"
    source: hosted
    version: "0.18.6"
  flutter_shaders:
    dependency: transitive
    description:
      name: flutter_shaders
      sha256: "34794acadd8275d971e02df03afee3dee0f98dbfb8c4837082ad0034f612a3e2"
      url: "https://pub.dev"
    source: hosted
    version: "0.1.3"
  fpdart:
    dependency: transitive
    description:
      name: fpdart
      sha256: f8e9d0989ba293946673e382c59ac513e30cb6746a9452df195f29e3357a73d4
      url: "https://pub.dev"
    source: hosted
    version: "1.2.0"
  intl:
    dependency: transitive
    description:
      name: intl
      sha256: "3df61194eb431efc39c4ceba583b95633a403f46c9fd341e550ce0bfa50e9aa5"
      url: "https://pub.dev"
    source: hosted
    version: "0.20.2"
  material_color_utilities:
    dependency: transitive
    description:
      name: material_color_utilities
      sha256: "9c337007e82b1889149c82ed242ed1cb24a66044e30979c44912381e9be4c48b"
      url: "https://pub.dev"
    source: hosted
    version: "0.13.0"
  meta:
    dependency: transitive
    description:
      name: meta
      sha256: "23f08335362185a5ea2ad3a4e597f1375e78bce8a040df5c600c8d3552ef2394"
      url: "https://pub.dev"
    source: hosted
    version: "1.17.0"
  path:
    dependency: transitive
    description:
      name: path
      sha256: "75cca69d1490965be98c73ceaea117e8a04dd21217b37b292c9ddbec0d955bc5"
      url: "https://pub.dev"
    source: hosted
    version: "1.9.1"
  s_ink_button:
    dependency: "direct main"
    description:
      path: ".."
      relative: true
    source: path
    version: "1.1.0"
  sizer:
    dependency: transitive
    description:
      name: sizer
      sha256: "9963c89e4d30d7c2108de3eafc0a7e6a4a8009799376ea6be5ef0a9ad87cfbad"
      url: "https://pub.dev"
    source: hosted
    version: "3.1.3"
  sky_engine:
    dependency: transitive
    description: flutter
    source: sdk
    version: "0.0.0"
  soundsliced_dart_extensions:
    dependency: transitive
    description:
      name: soundsliced_dart_extensions
      sha256: "4f76a5a1c58e0f7527f3f2be703e2ecc28a94fa9386b5fb69a3f31c6ea083cda"
      url: "https://pub.dev"
    source: hosted
    version: "1.0.1"
  soundsliced_tween_animation_builder:
    dependency: transitive
    description:
      name: soundsliced_tween_animation_builder
      sha256: "71bb5d123290bca9f0c586e14d7d89e7d15b2e34812c3359a1c2111960d168cc"
      url: "https://pub.dev"
    source: hosted
    version: "1.2.0"
  vector_math:
    dependency: transitive
    description:
      name: vector_math
      sha256: d530bd74fea330e6e364cda7a85019c434070188383e1cd8d9777ee586914c5b
      url: "https://pub.dev"
    source: hosted
    version: "2.2.0"
  xid:
    dependency: transitive
    description:
      name: xid
      sha256: "58b61c7c1234810afa500cde7556d7c407ce72154e0d5a8a5618690f03848dbd"
      url: "https://pub.dev"
    source: hosted
    version: "1.2.1"
sdks:
  dart: ">=3.9.0-0 <4.0.0"
  flutter: ">=3.7.0-0.0"
